// !$*UTF8*$!
{
	archiveVersion = 1;
	classes = {
	};
	objectVersion = 77;
	objects = {

/* Begin PBXBuildFile section */
		22341EFDF1947E0DB1BD63F7 /* Pods_Personal_Chat_Personal_ChatUITests.framework in Frameworks */ = {isa = PBXBuildFile; fileRef = B531B4844B94148B9D898578 /* Pods_Personal_Chat_Personal_ChatUITests.framework */; };
		664C2EB25F9295D12AE1BBE9 /* Pods_Personal_Chat.framework in Frameworks */ = {isa = PBXBuildFile; fileRef = F02494E62B5394E33ADFA8F7 /* Pods_Personal_Chat.framework */; };
		FD02A1B305933E87F3F8B636 /* Pods_Personal_ChatTests.framework in Frameworks */ = {isa = PBXBuildFile; fileRef = 3470B37AC830E87E9F6B0D82 /* Pods_Personal_ChatTests.framework */; };
/* End PBXBuildFile section */

/* Begin PBXContainerItemProxy section */
		6694485E2DE5C7A900DE0FEE /* PBXContainerItemProxy */ = {
			isa = PBXContainerItemProxy;
			containerPortal = 6694483F2DE5C7A800DE0FEE /* Project object */;
			proxyType = 1;
			remoteGlobalIDString = 669448462DE5C7A800DE0FEE;
			remoteInfo = "Personal Chat";
		};
		669448682DE5C7A900DE0FEE /* PBXContainerItemProxy */ = {
			isa = PBXContainerItemProxy;
			containerPortal = 6694483F2DE5C7A800DE0FEE /* Project object */;
			proxyType = 1;
			remoteGlobalIDString = 669448462DE5C7A800DE0FEE;
			remoteInfo = "Personal Chat";
		};
/* End PBXContainerItemProxy section */

/* Begin PBXFileReference section */
		22837EB145E42AA43560F299 /* Pods-Personal ChatTests.debug.xcconfig */ = {isa = PBXFileReference; includeInIndex = 1; lastKnownFileType = text.xcconfig; name = "Pods-Personal ChatTests.debug.xcconfig"; path = "Target Support Files/Pods-Personal ChatTests/Pods-Personal ChatTests.debug.xcconfig"; sourceTree = "<group>"; };
		3470B37AC830E87E9F6B0D82 /* Pods_Personal_ChatTests.framework */ = {isa = PBXFileReference; explicitFileType = wrapper.framework; includeInIndex = 0; path = Pods_Personal_ChatTests.framework; sourceTree = BUILT_PRODUCTS_DIR; };
		558CD813E97A3F1B284A2E8E /* Pods-Personal Chat-Personal ChatUITests.debug.xcconfig */ = {isa = PBXFileReference; includeInIndex = 1; lastKnownFileType = text.xcconfig; name = "Pods-Personal Chat-Personal ChatUITests.debug.xcconfig"; path = "Target Support Files/Pods-Personal Chat-Personal ChatUITests/Pods-Personal Chat-Personal ChatUITests.debug.xcconfig"; sourceTree = "<group>"; };
		669448472DE5C7A800DE0FEE /* Personal Chat.app */ = {isa = PBXFileReference; explicitFileType = wrapper.application; includeInIndex = 0; path = "Personal Chat.app"; sourceTree = BUILT_PRODUCTS_DIR; };
		6694485D2DE5C7A900DE0FEE /* Personal ChatTests.xctest */ = {isa = PBXFileReference; explicitFileType = wrapper.cfbundle; includeInIndex = 0; path = "Personal ChatTests.xctest"; sourceTree = BUILT_PRODUCTS_DIR; };
		669448672DE5C7A900DE0FEE /* Personal ChatUITests.xctest */ = {isa = PBXFileReference; explicitFileType = wrapper.cfbundle; includeInIndex = 0; path = "Personal ChatUITests.xctest"; sourceTree = BUILT_PRODUCTS_DIR; };
		B531B4844B94148B9D898578 /* Pods_Personal_Chat_Personal_ChatUITests.framework */ = {isa = PBXFileReference; explicitFileType = wrapper.framework; includeInIndex = 0; path = Pods_Personal_Chat_Personal_ChatUITests.framework; sourceTree = BUILT_PRODUCTS_DIR; };
		CB58CB7081221D78DDD12400 /* Pods-Personal Chat.release.xcconfig */ = {isa = PBXFileReference; includeInIndex = 1; lastKnownFileType = text.xcconfig; name = "Pods-Personal Chat.release.xcconfig"; path = "Target Support Files/Pods-Personal Chat/Pods-Personal Chat.release.xcconfig"; sourceTree = "<group>"; };
		DC055B1FB668630C43B72A70 /* Pods-Personal Chat-Personal ChatUITests.release.xcconfig */ = {isa = PBXFileReference; includeInIndex = 1; lastKnownFileType = text.xcconfig; name = "Pods-Personal Chat-Personal ChatUITests.release.xcconfig"; path = "Target Support Files/Pods-Personal Chat-Personal ChatUITests/Pods-Personal Chat-Personal ChatUITests.release.xcconfig"; sourceTree = "<group>"; };
		F02494E62B5394E33ADFA8F7 /* Pods_Personal_Chat.framework */ = {isa = PBXFileReference; explicitFileType = wrapper.framework; includeInIndex = 0; path = Pods_Personal_Chat.framework; sourceTree = BUILT_PRODUCTS_DIR; };
		F714DFCB6C30E187695E1278 /* Pods-Personal Chat.debug.xcconfig */ = {isa = PBXFileReference; includeInIndex = 1; lastKnownFileType = text.xcconfig; name = "Pods-Personal Chat.debug.xcconfig"; path = "Target Support Files/Pods-Personal Chat/Pods-Personal Chat.debug.xcconfig"; sourceTree = "<group>"; };
		F87C416012B3BF8E7CDBCD40 /* Pods-Personal ChatTests.release.xcconfig */ = {isa = PBXFileReference; includeInIndex = 1; lastKnownFileType = text.xcconfig; name = "Pods-Personal ChatTests.release.xcconfig"; path = "Target Support Files/Pods-Personal ChatTests/Pods-Personal ChatTests.release.xcconfig"; sourceTree = "<group>"; };
/* End PBXFileReference section */

/* Begin PBXFileSystemSynchronizedBuildFileExceptionSet section */
		6694486F2DE5C7A900DE0FEE /* Exceptions for "Personal Chat" folder in "Personal Chat" target */ = {
			isa = PBXFileSystemSynchronizedBuildFileExceptionSet;
			membershipExceptions = (
				Info.plist,
			);
			target = 669448462DE5C7A800DE0FEE /* Personal Chat */;
		};
/* End PBXFileSystemSynchronizedBuildFileExceptionSet section */

/* Begin PBXFileSystemSynchronizedRootGroup section */
		669448492DE5C7A800DE0FEE /* Personal Chat */ = {
			isa = PBXFileSystemSynchronizedRootGroup;
			exceptions = (
				6694486F2DE5C7A900DE0FEE /* Exceptions for "Personal Chat" folder in "Personal Chat" target */,
			);
			path = "Personal Chat";
			sourceTree = "<group>";
		};
		669448602DE5C7A900DE0FEE /* Personal ChatTests */ = {
			isa = PBXFileSystemSynchronizedRootGroup;
			exceptions = (
			);
			path = "Personal ChatTests";
			sourceTree = "<group>";
		};
		6694486A2DE5C7A900DE0FEE /* Personal ChatUITests */ = {
			isa = PBXFileSystemSynchronizedRootGroup;
			exceptions = (
			);
			path = "Personal ChatUITests";
			sourceTree = "<group>";
		};
/* End PBXFileSystemSynchronizedRootGroup section */

/* Begin PBXFrameworksBuildPhase section */
		669448442DE5C7A800DE0FEE /* Frameworks */ = {
			isa = PBXFrameworksBuildPhase;
			buildActionMask = 2147483647;
			files = (
				664C2EB25F9295D12AE1BBE9 /* Pods_Personal_Chat.framework in Frameworks */,
			);
			runOnlyForDeploymentPostprocessing = 0;
		};
		6694485A2DE5C7A900DE0FEE /* Frameworks */ = {
			isa = PBXFrameworksBuildPhase;
			buildActionMask = 2147483647;
			files = (
				FD02A1B305933E87F3F8B636 /* Pods_Personal_ChatTests.framework in Frameworks */,
			);
			runOnlyForDeploymentPostprocessing = 0;
		};
		669448642DE5C7A900DE0FEE /* Frameworks */ = {
			isa = PBXFrameworksBuildPhase;
			buildActionMask = 2147483647;
			files = (
				22341EFDF1947E0DB1BD63F7 /* Pods_Personal_Chat_Personal_ChatUITests.framework in Frameworks */,
			);
			runOnlyForDeploymentPostprocessing = 0;
		};
/* End PBXFrameworksBuildPhase section */

/* Begin PBXGroup section */
		667D65A488539BCDCE341150 /* Frameworks */ = {
			isa = PBXGroup;
			children = (
				F02494E62B5394E33ADFA8F7 /* Pods_Personal_Chat.framework */,
				B531B4844B94148B9D898578 /* Pods_Personal_Chat_Personal_ChatUITests.framework */,
				3470B37AC830E87E9F6B0D82 /* Pods_Personal_ChatTests.framework */,
			);
			name = Frameworks;
			sourceTree = "<group>";
		};
		6694483E2DE5C7A800DE0FEE = {
			isa = PBXGroup;
			children = (
				669448492DE5C7A800DE0FEE /* Personal Chat */,
				669448602DE5C7A900DE0FEE /* Personal ChatTests */,
				6694486A2DE5C7A900DE0FEE /* Personal ChatUITests */,
				669448482DE5C7A800DE0FEE /* Products */,
				C6FBC2CFA3ADF8DABFBFEF96 /* Pods */,
				667D65A488539BCDCE341150 /* Frameworks */,
			);
			sourceTree = "<group>";
		};
		669448482DE5C7A800DE0FEE /* Products */ = {
			isa = PBXGroup;
			children = (
				669448472DE5C7A800DE0FEE /* Personal Chat.app */,
				6694485D2DE5C7A900DE0FEE /* Personal ChatTests.xctest */,
				669448672DE5C7A900DE0FEE /* Personal ChatUITests.xctest */,
			);
			name = Products;
			sourceTree = "<group>";
		};
		C6FBC2CFA3ADF8DABFBFEF96 /* Pods */ = {
			isa = PBXGroup;
			children = (
				F714DFCB6C30E187695E1278 /* Pods-Personal Chat.debug.xcconfig */,
				CB58CB7081221D78DDD12400 /* Pods-Personal Chat.release.xcconfig */,
				558CD813E97A3F1B284A2E8E /* Pods-Personal Chat-Personal ChatUITests.debug.xcconfig */,
				DC055B1FB668630C43B72A70 /* Pods-Personal Chat-Personal ChatUITests.release.xcconfig */,
				22837EB145E42AA43560F299 /* Pods-Personal ChatTests.debug.xcconfig */,
				F87C416012B3BF8E7CDBCD40 /* Pods-Personal ChatTests.release.xcconfig */,
			);
			path = Pods;
			sourceTree = "<group>";
		};
/* End PBXGroup section */

/* Begin PBXNativeTarget section */
		669448462DE5C7A800DE0FEE /* Personal Chat */ = {
			isa = PBXNativeTarget;
			buildConfigurationList = 669448702DE5C7A900DE0FEE /* Build configuration list for PBXNativeTarget "Personal Chat" */;
			buildPhases = (
				311453AF16180A834D4601D1 /* [CP] Check Pods Manifest.lock */,
				669448432DE5C7A800DE0FEE /* Sources */,
				669448442DE5C7A800DE0FEE /* Frameworks */,
				669448452DE5C7A800DE0FEE /* Resources */,
				01104E0F299996AA205E48F9 /* [CP] Embed Pods Frameworks */,
			);
			buildRules = (
			);
			dependencies = (
			);
			fileSystemSynchronizedGroups = (
				669448492DE5C7A800DE0FEE /* Personal Chat */,
			);
			name = "Personal Chat";
			productName = "Personal Chat";
			productReference = 669448472DE5C7A800DE0FEE /* Personal Chat.app */;
			productType = "com.apple.product-type.application";
		};
		6694485C2DE5C7A900DE0FEE /* Personal ChatTests */ = {
			isa = PBXNativeTarget;
			buildConfigurationList = 669448752DE5C7A900DE0FEE /* Build configuration list for PBXNativeTarget "Personal ChatTests" */;
			buildPhases = (
				E823AC9DB665A468DE2F93E6 /* [CP] Check Pods Manifest.lock */,
				669448592DE5C7A900DE0FEE /* Sources */,
				6694485A2DE5C7A900DE0FEE /* Frameworks */,
				6694485B2DE5C7A900DE0FEE /* Resources */,
			);
			buildRules = (
			);
			dependencies = (
				6694485F2DE5C7A900DE0FEE /* PBXTargetDependency */,
			);
			fileSystemSynchronizedGroups = (
				669448602DE5C7A900DE0FEE /* Personal ChatTests */,
			);
			name = "Personal ChatTests";
			productName = "Personal ChatTests";
			productReference = 6694485D2DE5C7A900DE0FEE /* Personal ChatTests.xctest */;
			productType = "com.apple.product-type.bundle.unit-test";
		};
		669448662DE5C7A900DE0FEE /* Personal ChatUITests */ = {
			isa = PBXNativeTarget;
			buildConfigurationList = 669448782DE5C7A900DE0FEE /* Build configuration list for PBXNativeTarget "Personal ChatUITests" */;
			buildPhases = (
				7EA5E99FF548312CB5297772 /* [CP] Check Pods Manifest.lock */,
				669448632DE5C7A900DE0FEE /* Sources */,
				669448642DE5C7A900DE0FEE /* Frameworks */,
				669448652DE5C7A900DE0FEE /* Resources */,
				07BAEDD8EE26EB75DBAB390B /* [CP] Embed Pods Frameworks */,
			);
			buildRules = (
			);
			dependencies = (
				669448692DE5C7A900DE0FEE /* PBXTargetDependency */,
			);
			fileSystemSynchronizedGroups = (
				6694486A2DE5C7A900DE0FEE /* Personal ChatUITests */,
			);
			name = "Personal ChatUITests";
			productName = "Personal ChatUITests";
			productReference = 669448672DE5C7A900DE0FEE /* Personal ChatUITests.xctest */;
			productType = "com.apple.product-type.bundle.ui-testing";
		};
/* End PBXNativeTarget section */

/* Begin PBXProject section */
		6694483F2DE5C7A800DE0FEE /* Project object */ = {
			isa = PBXProject;
			attributes = {
				BuildIndependentTargetsInParallel = 1;
				LastSwiftUpdateCheck = 1630;
				LastUpgradeCheck = 1630;
				TargetAttributes = {
					669448462DE5C7A800DE0FEE = {
						CreatedOnToolsVersion = 16.3;
					};
					6694485C2DE5C7A900DE0FEE = {
						CreatedOnToolsVersion = 16.3;
						TestTargetID = 669448462DE5C7A800DE0FEE;
					};
					669448662DE5C7A900DE0FEE = {
						CreatedOnToolsVersion = 16.3;
						TestTargetID = 669448462DE5C7A800DE0FEE;
					};
				};
			};
			buildConfigurationList = 669448422DE5C7A800DE0FEE /* Build configuration list for PBXProject "Personal Chat" */;
			developmentRegion = en;
			hasScannedForEncodings = 0;
			knownRegions = (
				en,
				Base,
			);
			mainGroup = 6694483E2DE5C7A800DE0FEE;
			minimizedProjectReferenceProxies = 1;
			preferredProjectObjectVersion = 77;
			productRefGroup = 669448482DE5C7A800DE0FEE /* Products */;
			projectDirPath = "";
			projectRoot = "";
			targets = (
				669448462DE5C7A800DE0FEE /* Personal Chat */,
				6694485C2DE5C7A900DE0FEE /* Personal ChatTests */,
				669448662DE5C7A900DE0FEE /* Personal ChatUITests */,
			);
		};
/* End PBXProject section */

/* Begin PBXResourcesBuildPhase section */
		669448452DE5C7A800DE0FEE /* Resources */ = {
			isa = PBXResourcesBuildPhase;
			buildActionMask = 2147483647;
			files = (
			);
			runOnlyForDeploymentPostprocessing = 0;
		};
		6694485B2DE5C7A900DE0FEE /* Resources */ = {
			isa = PBXResourcesBuildPhase;
			buildActionMask = 2147483647;
			files = (
			);
			runOnlyForDeploymentPostprocessing = 0;
		};
		669448652DE5C7A900DE0FEE /* Resources */ = {
			isa = PBXResourcesBuildPhase;
			buildActionMask = 2147483647;
			files = (
			);
			runOnlyForDeploymentPostprocessing = 0;
		};
/* End PBXResourcesBuildPhase section */

/* Begin PBXShellScriptBuildPhase section */
		01104E0F299996AA205E48F9 /* [CP] Embed Pods Frameworks */ = {
			isa = PBXShellScriptBuildPhase;
			buildActionMask = 2147483647;
			files = (
			);
			inputFileListPaths = (
				"${PODS_ROOT}/Target Support Files/Pods-Personal Chat/Pods-Personal Chat-frameworks-${CONFIGURATION}-input-files.xcfilelist",
			);
			name = "[CP] Embed Pods Frameworks";
			outputFileListPaths = (
				"${PODS_ROOT}/Target Support Files/Pods-Personal Chat/Pods-Personal Chat-frameworks-${CONFIGURATION}-output-files.xcfilelist",
			);
			runOnlyForDeploymentPostprocessing = 0;
			shellPath = /bin/sh;
			shellScript = "\"${PODS_ROOT}/Target Support Files/Pods-Personal Chat/Pods-Personal Chat-frameworks.sh\"\n";
			showEnvVarsInLog = 0;
		};
		07BAEDD8EE26EB75DBAB390B /* [CP] Embed Pods Frameworks */ = {
			isa = PBXShellScriptBuildPhase;
			buildActionMask = 2147483647;
			files = (
			);
			inputFileListPaths = (
				"${PODS_ROOT}/Target Support Files/Pods-Personal Chat-Personal ChatUITests/Pods-Personal Chat-Personal ChatUITests-frameworks-${CONFIGURATION}-input-files.xcfilelist",
			);
			name = "[CP] Embed Pods Frameworks";
			outputFileListPaths = (
				"${PODS_ROOT}/Target Support Files/Pods-Personal Chat-Personal ChatUITests/Pods-Personal Chat-Personal ChatUITests-frameworks-${CONFIGURATION}-output-files.xcfilelist",
			);
			runOnlyForDeploymentPostprocessing = 0;
			shellPath = /bin/sh;
			shellScript = "\"${PODS_ROOT}/Target Support Files/Pods-Personal Chat-Personal ChatUITests/Pods-Personal Chat-Personal ChatUITests-frameworks.sh\"\n";
			showEnvVarsInLog = 0;
		};
		311453AF16180A834D4601D1 /* [CP] Check Pods Manifest.lock */ = {
			isa = PBXShellScriptBuildPhase;
			buildActionMask = 2147483647;
			files = (
			);
			inputFileListPaths = (
			);
			inputPaths = (
				"${PODS_PODFILE_DIR_PATH}/Podfile.lock",
				"${PODS_ROOT}/Manifest.lock",
			);
			name = "[CP] Check Pods Manifest.lock";
			outputFileListPaths = (
			);
			outputPaths = (
				"$(DERIVED_FILE_DIR)/Pods-Personal Chat-checkManifestLockResult.txt",
			);
			runOnlyForDeploymentPostprocessing = 0;
			shellPath = /bin/sh;
			shellScript = "diff \"${PODS_PODFILE_DIR_PATH}/Podfile.lock\" \"${PODS_ROOT}/Manifest.lock\" > /dev/null\nif [ $? != 0 ] ; then\n    # print error to STDERR\n    echo \"error: The sandbox is not in sync with the Podfile.lock. Run 'pod install' or update your CocoaPods installation.\" >&2\n    exit 1\nfi\n# This output is used by Xcode 'outputs' to avoid re-running this script phase.\necho \"SUCCESS\" > \"${SCRIPT_OUTPUT_FILE_0}\"\n";
			showEnvVarsInLog = 0;
		};
		7EA5E99FF548312CB5297772 /* [CP] Check Pods Manifest.lock */ = {
			isa = PBXShellScriptBuildPhase;
			buildActionMask = 2147483647;
			files = (
			);
			inputFileListPaths = (
			);
			inputPaths = (
				"${PODS_PODFILE_DIR_PATH}/Podfile.lock",
				"${PODS_ROOT}/Manifest.lock",
			);
			name = "[CP] Check Pods Manifest.lock";
			outputFileListPaths = (
			);
			outputPaths = (
				"$(DERIVED_FILE_DIR)/Pods-Personal Chat-Personal ChatUITests-checkManifestLockResult.txt",
			);
			runOnlyForDeploymentPostprocessing = 0;
			shellPath = /bin/sh;
			shellScript = "diff \"${PODS_PODFILE_DIR_PATH}/Podfile.lock\" \"${PODS_ROOT}/Manifest.lock\" > /dev/null\nif [ $? != 0 ] ; then\n    # print error to STDERR\n    echo \"error: The sandbox is not in sync with the Podfile.lock. Run 'pod install' or update your CocoaPods installation.\" >&2\n    exit 1\nfi\n# This output is used by Xcode 'outputs' to avoid re-running this script phase.\necho \"SUCCESS\" > \"${SCRIPT_OUTPUT_FILE_0}\"\n";
			showEnvVarsInLog = 0;
		};
		E823AC9DB665A468DE2F93E6 /* [CP] Check Pods Manifest.lock */ = {
			isa = PBXShellScriptBuildPhase;
			buildActionMask = 2147483647;
			files = (
			);
			inputFileListPaths = (
			);
			inputPaths = (
				"${PODS_PODFILE_DIR_PATH}/Podfile.lock",
				"${PODS_ROOT}/Manifest.lock",
			);
			name = "[CP] Check Pods Manifest.lock";
			outputFileListPaths = (
			);
			outputPaths = (
				"$(DERIVED_FILE_DIR)/Pods-Personal ChatTests-checkManifestLockResult.txt",
			);
			runOnlyForDeploymentPostprocessing = 0;
			shellPath = /bin/sh;
			shellScript = "diff \"${PODS_PODFILE_DIR_PATH}/Podfile.lock\" \"${PODS_ROOT}/Manifest.lock\" > /dev/null\nif [ $? != 0 ] ; then\n    # print error to STDERR\n    echo \"error: The sandbox is not in sync with the Podfile.lock. Run 'pod install' or update your CocoaPods installation.\" >&2\n    exit 1\nfi\n# This output is used by Xcode 'outputs' to avoid re-running this script phase.\necho \"SUCCESS\" > \"${SCRIPT_OUTPUT_FILE_0}\"\n";
			showEnvVarsInLog = 0;
		};
/* End PBXShellScriptBuildPhase section */

/* Begin PBXSourcesBuildPhase section */
		669448432DE5C7A800DE0FEE /* Sources */ = {
			isa = PBXSourcesBuildPhase;
			buildActionMask = 2147483647;
			files = (
			);
			runOnlyForDeploymentPostprocessing = 0;
		};
		669448592DE5C7A900DE0FEE /* Sources */ = {
			isa = PBXSourcesBuildPhase;
			buildActionMask = 2147483647;
			files = (
			);
			runOnlyForDeploymentPostprocessing = 0;
		};
		669448632DE5C7A900DE0FEE /* Sources */ = {
			isa = PBXSourcesBuildPhase;
			buildActionMask = 2147483647;
			files = (
			);
			runOnlyForDeploymentPostprocessing = 0;
		};
/* End PBXSourcesBuildPhase section */

/* Begin PBXTargetDependency section */
		6694485F2DE5C7A900DE0FEE /* PBXTargetDependency */ = {
			isa = PBXTargetDependency;
			target = 669448462DE5C7A800DE0FEE /* Personal Chat */;
			targetProxy = 6694485E2DE5C7A900DE0FEE /* PBXContainerItemProxy */;
		};
		669448692DE5C7A900DE0FEE /* PBXTargetDependency */ = {
			isa = PBXTargetDependency;
			target = 669448462DE5C7A800DE0FEE /* Personal Chat */;
			targetProxy = 669448682DE5C7A900DE0FEE /* PBXContainerItemProxy */;
		};
/* End PBXTargetDependency section */

/* Begin XCBuildConfiguration section */
		669448712DE5C7A900DE0FEE /* Debug */ = {
			isa = XCBuildConfiguration;
			baseConfigurationReference = F714DFCB6C30E187695E1278 /* Pods-Personal Chat.debug.xcconfig */;
			buildSettings = {
				ASSETCATALOG_COMPILER_APPICON_NAME = AppIcon;
				ASSETCATALOG_COMPILER_GLOBAL_ACCENT_COLOR_NAME = AccentColor;
				CODE_SIGN_STYLE = Automatic;
				CURRENT_PROJECT_VERSION = 1;
				DEVELOPMENT_TEAM = ZRZ3S4BU85;
				GENERATE_INFOPLIST_FILE = YES;
				INFOPLIST_FILE = "Personal Chat/Info.plist";
				INFOPLIST_KEY_UIApplicationSupportsIndirectInputEvents = YES;
				INFOPLIST_KEY_UILaunchStoryboardName = LaunchScreen;
				INFOPLIST_KEY_UIMainStoryboardFile = Main;
				INFOPLIST_KEY_UISupportedInterfaceOrientations_iPad = "UIInterfaceOrientationPortrait UIInterfaceOrientationPortraitUpsideDown UIInterfaceOrientationLandscapeLeft UIInterfaceOrientationLandscapeRight";
				INFOPLIST_KEY_UISupportedInterfaceOrientations_iPhone = "UIInterfaceOrientationPortrait UIInterfaceOrientationLandscapeLeft UIInterfaceOrientationLandscapeRight";
				LD_RUNPATH_SEARCH_PATHS = (
					"$(inherited)",
					"@executable_path/Frameworks",
				);
				MARKETING_VERSION = 1.0;
				PRODUCT_BUNDLE_IDENTIFIER = "com.shivappz.Personal-Chat";
				PRODUCT_NAME = "$(TARGET_NAME)";
				SWIFT_EMIT_LOC_STRINGS = YES;
				SWIFT_VERSION = 5.0;
				TARGETED_DEVICE_FAMILY = "1,2";
			};
			name = Debug;
		};
		669448722DE5C7A900DE0FEE /* Release */ = {
			isa = XCBuildConfiguration;
			baseConfigurationReference = CB58CB7081221D78DDD12400 /* Pods-Personal Chat.release.xcconfig */;
			buildSettings = {
				ASSETCATALOG_COMPILER_APPICON_NAME = AppIcon;
				ASSETCATALOG_COMPILER_GLOBAL_ACCENT_COLOR_NAME = AccentColor;
				CODE_SIGN_STYLE = Automatic;
				CURRENT_PROJECT_VERSION = 1;
				DEVELOPMENT_TEAM = ZRZ3S4BU85;
				GENERATE_INFOPLIST_FILE = YES;
				INFOPLIST_FILE = "Personal Chat/Info.plist";
				INFOPLIST_KEY_UIApplicationSupportsIndirectInputEvents = YES;
				INFOPLIST_KEY_UILaunchStoryboardName = LaunchScreen;
				INFOPLIST_KEY_UIMainStoryboardFile = Main;
				INFOPLIST_KEY_UISupportedInterfaceOrientations_iPad = "UIInterfaceOrientationPortrait UIInterfaceOrientationPortraitUpsideDown UIInterfaceOrientationLandscapeLeft UIInterfaceOrientationLandscapeRight";
				INFOPLIST_KEY_UISupportedInterfaceOrientations_iPhone = "UIInterfaceOrientationPortrait UIInterfaceOrientationLandscapeLeft UIInterfaceOrientationLandscapeRight";
				LD_RUNPATH_SEARCH_PATHS = (
					"$(inherited)",
					"@executable_path/Frameworks",
				);
				MARKETING_VERSION = 1.0;
				PRODUCT_BUNDLE_IDENTIFIER = "com.shivappz.Personal-Chat";
				PRODUCT_NAME = "$(TARGET_NAME)";
				SWIFT_EMIT_LOC_STRINGS = YES;
				SWIFT_VERSION = 5.0;
				TARGETED_DEVICE_FAMILY = "1,2";
			};
			name = Release;
		};
		669448732DE5C7A900DE0FEE /* Debug */ = {
			isa = XCBuildConfiguration;
			buildSettings = {
				ALWAYS_SEARCH_USER_PATHS = NO;
				ASSETCATALOG_COMPILER_GENERATE_SWIFT_ASSET_SYMBOL_EXTENSIONS = YES;
				CLANG_ANALYZER_NONNULL = YES;
				CLANG_ANALYZER_NUMBER_OBJECT_CONVERSION = YES_AGGRESSIVE;
				CLANG_CXX_LANGUAGE_STANDARD = "gnu++20";
				CLANG_ENABLE_MODULES = YES;
				CLANG_ENABLE_OBJC_ARC = YES;
				CLANG_ENABLE_OBJC_WEAK = YES;
				CLANG_WARN_BLOCK_CAPTURE_AUTORELEASING = YES;
				CLANG_WARN_BOOL_CONVERSION = YES;
				CLANG_WARN_COMMA = YES;
				CLANG_WARN_CONSTANT_CONVERSION = YES;
				CLANG_WARN_DEPRECATED_OBJC_IMPLEMENTATIONS = YES;
				CLANG_WARN_DIRECT_OBJC_ISA_USAGE = YES_ERROR;
				CLANG_WARN_DOCUMENTATION_COMMENTS = YES;
				CLANG_WARN_EMPTY_BODY = YES;
				CLANG_WARN_ENUM_CONVERSION = YES;
				CLANG_WARN_INFINITE_RECURSION = YES;
				CLANG_WARN_INT_CONVERSION = YES;
				CLANG_WARN_NON_LITERAL_NULL_CONVERSION = YES;
				CLANG_WARN_OBJC_IMPLICIT_RETAIN_SELF = YES;
				CLANG_WARN_OBJC_LITERAL_CONVERSION = YES;
				CLANG_WARN_OBJC_ROOT_CLASS = YES_ERROR;
				CLANG_WARN_QUOTED_INCLUDE_IN_FRAMEWORK_HEADER = YES;
				CLANG_WARN_RANGE_LOOP_ANALYSIS = YES;
				CLANG_WARN_STRICT_PROTOTYPES = YES;
				CLANG_WARN_SUSPICIOUS_MOVE = YES;
				CLANG_WARN_UNGUARDED_AVAILABILITY = YES_AGGRESSIVE;
				CLANG_WARN_UNREACHABLE_CODE = YES;
				CLANG_WARN__DUPLICATE_METHOD_MATCH = YES;
				COPY_PHASE_STRIP = NO;
				DEBUG_INFORMATION_FORMAT = dwarf;
				DEVELOPMENT_TEAM = ZRZ3S4BU85;
				ENABLE_STRICT_OBJC_MSGSEND = YES;
				ENABLE_TESTABILITY = YES;
				ENABLE_USER_SCRIPT_SANDBOXING = NO;
				GCC_C_LANGUAGE_STANDARD = gnu17;
				GCC_DYNAMIC_NO_PIC = NO;
				GCC_NO_COMMON_BLOCKS = YES;
				GCC_OPTIMIZATION_LEVEL = 0;
				GCC_PREPROCESSOR_DEFINITIONS = (
					"DEBUG=1",
					"$(inherited)",
				);
				GCC_WARN_64_TO_32_BIT_CONVERSION = YES;
				GCC_WARN_ABOUT_RETURN_TYPE = YES_ERROR;
				GCC_WARN_UNDECLARED_SELECTOR = YES;
				GCC_WARN_UNINITIALIZED_AUTOS = YES_AGGRESSIVE;
				GCC_WARN_UNUSED_FUNCTION = YES;
				GCC_WARN_UNUSED_VARIABLE = YES;
				IPHONEOS_DEPLOYMENT_TARGET = 18.4;
				LOCALIZATION_PREFERS_STRING_CATALOGS = YES;
				MTL_ENABLE_DEBUG_INFO = INCLUDE_SOURCE;
				MTL_FAST_MATH = YES;
				ONLY_ACTIVE_ARCH = YES;
				SDKROOT = iphoneos;
				SWIFT_ACTIVE_COMPILATION_CONDITIONS = "DEBUG $(inherited)";
				SWIFT_OPTIMIZATION_LEVEL = "-Onone";
			};
			name = Debug;
		};
		669448742DE5C7A900DE0FEE /* Release */ = {
			isa = XCBuildConfiguration;
			buildSettings = {
				ALWAYS_SEARCH_USER_PATHS = NO;
				ASSETCATALOG_COMPILER_GENERATE_SWIFT_ASSET_SYMBOL_EXTENSIONS = YES;
				CLANG_ANALYZER_NONNULL = YES;
				CLANG_ANALYZER_NUMBER_OBJECT_CONVERSION = YES_AGGRESSIVE;
				CLANG_CXX_LANGUAGE_STANDARD = "gnu++20";
				CLANG_ENABLE_MODULES = YES;
				CLANG_ENABLE_OBJC_ARC = YES;
				CLANG_ENABLE_OBJC_WEAK = YES;
				CLANG_WARN_BLOCK_CAPTURE_AUTORELEASING = YES;
				CLANG_WARN_BOOL_CONVERSION = YES;
				CLANG_WARN_COMMA = YES;
				CLANG_WARN_CONSTANT_CONVERSION = YES;
				CLANG_WARN_DEPRECATED_OBJC_IMPLEMENTATIONS = YES;
				CLANG_WARN_DIRECT_OBJC_ISA_USAGE = YES_ERROR;
				CLANG_WARN_DOCUMENTATION_COMMENTS = YES;
				CLANG_WARN_EMPTY_BODY = YES;
				CLANG_WARN_ENUM_CONVERSION = YES;
				CLANG_WARN_INFINITE_RECURSION = YES;
				CLANG_WARN_INT_CONVERSION = YES;
				CLANG_WARN_NON_LITERAL_NULL_CONVERSION = YES;
				CLANG_WARN_OBJC_IMPLICIT_RETAIN_SELF = YES;
				CLANG_WARN_OBJC_LITERAL_CONVERSION = YES;
				CLANG_WARN_OBJC_ROOT_CLASS = YES_ERROR;
				CLANG_WARN_QUOTED_INCLUDE_IN_FRAMEWORK_HEADER = YES;
				CLANG_WARN_RANGE_LOOP_ANALYSIS = YES;
				CLANG_WARN_STRICT_PROTOTYPES = YES;
				CLANG_WARN_SUSPICIOUS_MOVE = YES;
				CLANG_WARN_UNGUARDED_AVAILABILITY = YES_AGGRESSIVE;
				CLANG_WARN_UNREACHABLE_CODE = YES;
				CLANG_WARN__DUPLICATE_METHOD_MATCH = YES;
				COPY_PHASE_STRIP = NO;
				DEBUG_INFORMATION_FORMAT = "dwarf-with-dsym";
				DEVELOPMENT_TEAM = ZRZ3S4BU85;
				ENABLE_NS_ASSERTIONS = NO;
				ENABLE_STRICT_OBJC_MSGSEND = YES;
				ENABLE_USER_SCRIPT_SANDBOXING = NO;
				GCC_C_LANGUAGE_STANDARD = gnu17;
				GCC_NO_COMMON_BLOCKS = YES;
				GCC_WARN_64_TO_32_BIT_CONVERSION = YES;
				GCC_WARN_ABOUT_RETURN_TYPE = YES_ERROR;
				GCC_WARN_UNDECLARED_SELECTOR = YES;
				GCC_WARN_UNINITIALIZED_AUTOS = YES_AGGRESSIVE;
				GCC_WARN_UNUSED_FUNCTION = YES;
				GCC_WARN_UNUSED_VARIABLE = YES;
				IPHONEOS_DEPLOYMENT_TARGET = 18.4;
				LOCALIZATION_PREFERS_STRING_CATALOGS = YES;
				MTL_ENABLE_DEBUG_INFO = NO;
				MTL_FAST_MATH = YES;
				SDKROOT = iphoneos;
				SWIFT_COMPILATION_MODE = wholemodule;
				VALIDATE_PRODUCT = YES;
			};
			name = Release;
		};
		669448762DE5C7A900DE0FEE /* Debug */ = {
			isa = XCBuildConfiguration;
			baseConfigurationReference = 22837EB145E42AA43560F299 /* Pods-Personal ChatTests.debug.xcconfig */;
			buildSettings = {
				BUNDLE_LOADER = "$(TEST_HOST)";
				CODE_SIGN_STYLE = Automatic;
				CURRENT_PROJECT_VERSION = 1;
				DEVELOPMENT_TEAM = ZRZ3S4BU85;
				GENERATE_INFOPLIST_FILE = YES;
				IPHONEOS_DEPLOYMENT_TARGET = 18.4;
				MARKETING_VERSION = 1.0;
				PRODUCT_BUNDLE_IDENTIFIER = "com.shivappz.Personal-ChatTests";
				PRODUCT_NAME = "$(TARGET_NAME)";
				SWIFT_EMIT_LOC_STRINGS = NO;
				SWIFT_VERSION = 5.0;
				TARGETED_DEVICE_FAMILY = "1,2";
				TEST_HOST = "$(BUILT_PRODUCTS_DIR)/Personal Chat.app/$(BUNDLE_EXECUTABLE_FOLDER_PATH)/Personal Chat";
			};
			name = Debug;
		};
		669448772DE5C7A900DE0FEE /* Release */ = {
			isa = XCBuildConfiguration;
			baseConfigurationReference = F87C416012B3BF8E7CDBCD40 /* Pods-Personal ChatTests.release.xcconfig */;
			buildSettings = {
				BUNDLE_LOADER = "$(TEST_HOST)";
				CODE_SIGN_STYLE = Automatic;
				CURRENT_PROJECT_VERSION = 1;
				DEVELOPMENT_TEAM = ZRZ3S4BU85;
				GENERATE_INFOPLIST_FILE = YES;
				IPHONEOS_DEPLOYMENT_TARGET = 18.4;
				MARKETING_VERSION = 1.0;
				PRODUCT_BUNDLE_IDENTIFIER = "com.shivappz.Personal-ChatTests";
				PRODUCT_NAME = "$(TARGET_NAME)";
				SWIFT_EMIT_LOC_STRINGS = NO;
				SWIFT_VERSION = 5.0;
				TARGETED_DEVICE_FAMILY = "1,2";
				TEST_HOST = "$(BUILT_PRODUCTS_DIR)/Personal Chat.app/$(BUNDLE_EXECUTABLE_FOLDER_PATH)/Personal Chat";
			};
			name = Release;
		};
		669448792DE5C7A900DE0FEE /* Debug */ = {
			isa = XCBuildConfiguration;
			baseConfigurationReference = 558CD813E97A3F1B284A2E8E /* Pods-Personal Chat-Personal ChatUITests.debug.xcconfig */;
			buildSettings = {
				CODE_SIGN_STYLE = Automatic;
				CURRENT_PROJECT_VERSION = 1;
				DEVELOPMENT_TEAM = ZRZ3S4BU85;
				GENERATE_INFOPLIST_FILE = YES;
				MARKETING_VERSION = 1.0;
				PRODUCT_BUNDLE_IDENTIFIER = "com.shivappz.Personal-ChatUITests";
				PRODUCT_NAME = "$(TARGET_NAME)";
				SWIFT_EMIT_LOC_STRINGS = NO;
				SWIFT_VERSION = 5.0;
				TARGETED_DEVICE_FAMILY = "1,2";
				TEST_TARGET_NAME = "Personal Chat";
			};
			name = Debug;
		};
		6694487A2DE5C7A900DE0FEE /* Release */ = {
			isa = XCBuildConfiguration;
			baseConfigurationReference = DC055B1FB668630C43B72A70 /* Pods-Personal Chat-Personal ChatUITests.release.xcconfig */;
			buildSettings = {
				CODE_SIGN_STYLE = Automatic;
				CURRENT_PROJECT_VERSION = 1;
				DEVELOPMENT_TEAM = ZRZ3S4BU85;
				GENERATE_INFOPLIST_FILE = YES;
				MARKETING_VERSION = 1.0;
				PRODUCT_BUNDLE_IDENTIFIER = "com.shivappz.Personal-ChatUITests";
				PRODUCT_NAME = "$(TARGET_NAME)";
				SWIFT_EMIT_LOC_STRINGS = NO;
				SWIFT_VERSION = 5.0;
				TARGETED_DEVICE_FAMILY = "1,2";
				TEST_TARGET_NAME = "Personal Chat";
			};
			name = Release;
		};
/* End XCBuildConfiguration section */

/* Begin XCConfigurationList section */
		669448422DE5C7A800DE0FEE /* Build configuration list for PBXProject "Personal Chat" */ = {
			isa = XCConfigurationList;
			buildConfigurations = (
				669448732DE5C7A900DE0FEE /* Debug */,
				669448742DE5C7A900DE0FEE /* Release */,
			);
			defaultConfigurationIsVisible = 0;
			defaultConfigurationName = Release;
		};
		669448702DE5C7A900DE0FEE /* Build configuration list for PBXNativeTarget "Personal Chat" */ = {
			isa = XCConfigurationList;
			buildConfigurations = (
				669448712DE5C7A900DE0FEE /* Debug */,
				669448722DE5C7A900DE0FEE /* Release */,
			);
			defaultConfigurationIsVisible = 0;
			defaultConfigurationName = Release;
		};
		669448752DE5C7A900DE0FEE /* Build configuration list for PBXNativeTarget "Personal ChatTests" */ = {
			isa = XCConfigurationList;
			buildConfigurations = (
				669448762DE5C7A900DE0FEE /* Debug */,
				669448772DE5C7A900DE0FEE /* Release */,
			);
			defaultConfigurationIsVisible = 0;
			defaultConfigurationName = Release;
		};
		669448782DE5C7A900DE0FEE /* Build configuration list for PBXNativeTarget "Personal ChatUITests" */ = {
			isa = XCConfigurationList;
			buildConfigurations = (
				669448792DE5C7A900DE0FEE /* Debug */,
				6694487A2DE5C7A900DE0FEE /* Release */,
			);
			defaultConfigurationIsVisible = 0;
			defaultConfigurationName = Release;
		};
/* End XCConfigurationList section */
	};
	rootObject = 6694483F2DE5C7A800DE0FEE /* Project object */;
}
